{
  "name": "sentinel-vision",
  "version": "0.1.0",
  "lockfileVersion": 3,
  "requires": true,
  "packages": {
    "": {
      "name": "sentinel-vision",
      "version": "0.1.0",
      "license": "SEE LICENSE IN LICENSE",
      "workspaces": [
        "packages/*",
        "services/*",
        "simulator",
        "apps/desktop"
      ],
      "devDependencies": {
        "typescript": "^5.9.2"
      },
      "engines": {
        "node": ">=22.6.0"
      }
    },
    "node_modules/@sentinel/ai": {
      "resolved": "packages/ai",
      "link": true
    },
    "node_modules/@sentinel/api": {
      "resolved": "services/api",
      "link": true
    },
    "node_modules/@sentinel/database": {
      "resolved": "packages/database",
      "link": true
    },
    "node_modules/@sentinel/event-engine": {
      "resolved": "services/event-engine",
      "link": true
    },
    "node_modules/@sentinel/geometry": {
      "resolved": "packages/geometry",
      "link": true
    },
    "node_modules/@sentinel/inference": {
      "resolved": "services/inference",
      "link": true
    },
    "node_modules/@sentinel/protocol": {
      "resolved": "packages/protocol",
      "link": true
    },
    "node_modules/@sentinel/recorder": {
      "resolved": "services/recorder",
      "link": true
    },
    "node_modules/@sentinel/security": {
      "resolved": "packages/security",
      "link": true
    },
    "node_modules/@sentinel/shared-types": {
      "resolved": "packages/shared-types",
      "link": true
    },
    "node_modules/@sentinel/simulator": {
      "resolved": "simulator",
      "link": true
    },
    "node_modules/@sentinel/test-utils": {
      "resolved": "packages/test-utils",
      "link": true
    },
    "node_modules/@sentinel/tracking": {
      "resolved": "packages/tracking",
      "link": true
    },
    "node_modules/@sentinel/worker": {
      "resolved": "services/worker",
      "link": true
    },
    "node_modules/typescript": {
      "version": "5.9.3",
      "resolved": "https://registry.npmjs.org/typescript/-/typescript-5.9.3.tgz",
      "integrity": "sha512-jl1vZzPDinLr9eUt3J/t7V6FgNEw9QjvBPdysz9KfQDD41fQrC2Y4vKQdiaUpFT4bXlb1RHhLpp8wtm6M5TgSw==",
      "dev": true,
      "license": "Apache-2.0",
      "bin": {
        "tsc": "bin/tsc",
        "tsserver": "bin/tsserver"
      },
      "engines": {
        "node": ">=14.17"
      }
    },
    "packages/ai": {
      "name": "@sentinel/ai",
      "version": "0.1.0"
    },
    "packages/database": {
      "name": "@sentinel/database",
      "version": "0.1.0"
    },
    "packages/geometry": {
      "name": "@sentinel/geometry",
      "version": "0.1.0"
    },
    "packages/protocol": {
      "name": "@sentinel/protocol",
      "version": "0.1.0"
    },
    "packages/security": {
      "name": "@sentinel/security",
      "version": "0.1.0"
    },
    "packages/shared-types": {
      "name": "@sentinel/shared-types",
      "version": "0.1.0"
    },
    "packages/test-utils": {
      "name": "@sentinel/test-utils",
      "version": "0.1.0"
    },
    "packages/tracking": {
      "name": "@sentinel/tracking",
      "version": "0.1.0"
    },
    "services/api": {
      "name": "@sentinel/api",
      "version": "0.1.0"
    },
    "services/event-engine": {
      "name": "@sentinel/event-engine",
      "version": "0.1.0"
    },
    "services/inference": {
      "name": "@sentinel/inference",
      "version": "0.1.0"
    },
    "services/recorder": {
      "name": "@sentinel/recorder",
      "version": "0.1.0"
    },
    "services/worker": {
      "name": "@sentinel/worker",
      "version": "0.1.0"
    },
    "simulator": {
      "name": "@sentinel/simulator",
      "version": "0.1.0"
    }
  }
}
